
Microsoft Visual Studio Solution File, Format Version 12.00
# Visual Studio Version 17
VisualStudioVersion = 17.9.34607.119
MinimumVisualStudioVersion = 10.0.40219.1
Project("{FAE04EC0-301F-11D3-BF4B-00C04F79EFBC}") = "snackShack", "snackShack.csproj", "{0B7C67A3-C011-4C1B-AAE5-E8233779010F}"
EndProject
Project("{2150E333-8FDC-42A3-9474-1A3956D46DE8}") = "Preset Images", "Preset Images", "{161C05D0-567B-4D3B-BC57-525B1DB3F88F}"
	ProjectSection(SolutionItems) = preProject
		presetImages\2fer.jpg = presetImages\2fer.jpg
		presetImages\AD3_SupplyCloset.drawio = presetImages\AD3_SupplyCloset.drawio
		presetImages\airheads.jpg = presetImages\airheads.jpg
		presetImages\almondjoy.png = presetImages\almondjoy.png
		presetImages\butterfinger.jpg = presetImages\butterfinger.jpg
		presetImages\Cheetos.jpg = presetImages\Cheetos.jpg
		presetImages\extragum.jpg = presetImages\extragum.jpg
		presetImages\figbars.jpg = presetImages\figbars.jpg
		presetImages\hubbabubba.jpg = presetImages\hubbabubba.jpg
		presetImages\icecubesgum.jpg = presetImages\icecubesgum.jpg
		presetImages\images.jpg = presetImages\images.jpg
		presetImages\Interface Template Image.png = presetImages\Interface Template Image.png
		presetImages\juicyfruit.jpg = presetImages\juicyfruit.jpg
		presetImages\kettlecookedruben.jpg = presetImages\kettlecookedruben.jpg
		presetImages\kitkat.jpg = presetImages\kitkat.jpg
		presetImages\laysbbq.jpg = presetImages\laysbbq.jpg
		presetImages\MilkyWay.jpg = presetImages\MilkyWay.jpg
		presetImages\oatmealcremepies.jpg = presetImages\oatmealcremepies.jpg
		presetImages\potatoskins.jpg = presetImages\potatoskins.jpg
		presetImages\pringles.jpg = presetImages\pringles.jpg
		presetImages\raisinets.jpg = presetImages\raisinets.jpg
		presetImages\ricecrisps.jpg = presetImages\ricecrisps.jpg
		presetImages\ruffles.jpg = presetImages\ruffles.jpg
		presetImages\snickers.jpg = presetImages\snickers.jpg
		presetImages\utz.jpg = presetImages\utz.jpg
		presetImages\VendingMachine.ico = presetImages\VendingMachine.ico
	EndProjectSection
EndProject
Global
	GlobalSection(SolutionConfigurationPlatforms) = preSolution
		Debug|Any CPU = Debug|Any CPU
		Release|Any CPU = Release|Any CPU
	EndGlobalSection
	GlobalSection(ProjectConfigurationPlatforms) = postSolution
		{0B7C67A3-C011-4C1B-AAE5-E8233779010F}.Debug|Any CPU.ActiveCfg = Debug|Any CPU
		{0B7C67A3-C011-4C1B-AAE5-E8233779010F}.Debug|Any CPU.Build.0 = Debug|Any CPU
		{0B7C67A3-C011-4C1B-AAE5-E8233779010F}.Release|Any CPU.ActiveCfg = Release|Any CPU
		{0B7C67A3-C011-4C1B-AAE5-E8233779010F}.Release|Any CPU.Build.0 = Release|Any CPU
	EndGlobalSection
	GlobalSection(SolutionProperties) = preSolution
		HideSolutionNode = FALSE
	EndGlobalSection
	GlobalSection(ExtensibilityGlobals) = postSolution
		SolutionGuid = {1CF31452-80A0-4948-B973-A569A188D94A}
	EndGlobalSection
EndGlobal
